
Microsoft Visual Studio Solution File, Format Version 12.00
# Visual Studio Version 16
VisualStudioVersion = 16.0.30717.126
MinimumVisualStudioVersion = 10.0.40219.1
Project("{FAE04EC0-301F-11D3-BF4B-00C04F79EFBC}") = "Xamarin.Template.UWP", "Xamarin.Template\Xamarin.Template.UWP\Xamarin.Template.UWP.csproj", "{91BCF869-C3DB-4D43-8226-7AFEA449CFCF}"
EndProject
Project("{FAE04EC0-301F-11D3-BF4B-00C04F79EFBC}") = "Xamarin.Template.Android", "Xamarin.Template\Xamarin.Template.Android\Xamarin.Template.Android.csproj", "{3B666C57-081B-4B99-BFC0-7ED047ADFED9}"
EndProject
Project("{FAE04EC0-301F-11D3-BF4B-00C04F79EFBC}") = "Xamarin.Template.iOS", "Xamarin.Template\Xamarin.Template.iOS\Xamarin.Template.iOS.csproj", "{FF2D01FA-7185-4E66-866C-4D4CCBB76C6D}"
EndProject
Project("{FAE04EC0-301F-11D3-BF4B-00C04F79EFBC}") = "Xamarin.Template", "Xamarin.Template\Xamarin.Template\Xamarin.Template.csproj", "{E3AD81F5-27BF-4264-920A-F34E4C973BB4}"
EndProject
Global
	GlobalSection(SolutionConfigurationPlatforms) = preSolution
		Debug|Any CPU = Debug|Any CPU
		Debug|ARM = Debug|ARM
		Debug|iPhone = Debug|iPhone
		Debug|iPhoneSimulator = Debug|iPhoneSimulator
		Debug|x64 = Debug|x64
		Debug|x86 = Debug|x86
		Release|Any CPU = Release|Any CPU
		Release|ARM = Release|ARM
		Release|iPhone = Release|iPhone
		Release|iPhoneSimulator = Release|iPhoneSimulator
		Release|x64 = Release|x64
		Release|x86 = Release|x86
	EndGlobalSection
	GlobalSection(ProjectConfigurationPlatforms) = postSolution
		{91BCF869-C3DB-4D43-8226-7AFEA449CFCF}.Debug|Any CPU.ActiveCfg = Debug|x86
		{91BCF869-C3DB-4D43-8226-7AFEA449CFCF}.Debug|Any CPU.Build.0 = Debug|x86
		{91BCF869-C3DB-4D43-8226-7AFEA449CFCF}.Debug|Any CPU.Deploy.0 = Debug|x86
		{91BCF869-C3DB-4D43-8226-7AFEA449CFCF}.Debug|ARM.ActiveCfg = Debug|ARM
		{91BCF869-C3DB-4D43-8226-7AFEA449CFCF}.Debug|ARM.Build.0 = Debug|ARM
		{91BCF869-C3DB-4D43-8226-7AFEA449CFCF}.Debug|ARM.Deploy.0 = Debug|ARM
		{91BCF869-C3DB-4D43-8226-7AFEA449CFCF}.Debug|iPhone.ActiveCfg = Debug|x86
		{91BCF869-C3DB-4D43-8226-7AFEA449CFCF}.Debug|iPhone.Build.0 = Debug|x86
		{91BCF869-C3DB-4D43-8226-7AFEA449CFCF}.Debug|iPhone.Deploy.0 = Debug|x86
		{91BCF869-C3DB-4D43-8226-7AFEA449CFCF}.Debug|iPhoneSimulator.ActiveCfg = Debug|x86
		{91BCF869-C3DB-4D43-8226-7AFEA449CFCF}.Debug|iPhoneSimulator.Build.0 = Debug|x86
		{91BCF869-C3DB-4D43-8226-7AFEA449CFCF}.Debug|iPhoneSimulator.Deploy.0 = Debug|x86
		{91BCF869-C3DB-4D43-8226-7AFEA449CFCF}.Debug|x64.ActiveCfg = Debug|x64
		{91BCF869-C3DB-4D43-8226-7AFEA449CFCF}.Debug|x64.Build.0 = Debug|x64
		{91BCF869-C3DB-4D43-8226-7AFEA449CFCF}.Debug|x64.Deploy.0 = Debug|x64
		{91BCF869-C3DB-4D43-8226-7AFEA449CFCF}.Debug|x86.ActiveCfg = Debug|x86
		{91BCF869-C3DB-4D43-8226-7AFEA449CFCF}.Debug|x86.Build.0 = Debug|x86
		{91BCF869-C3DB-4D43-8226-7AFEA449CFCF}.Debug|x86.Deploy.0 = Debug|x86
		{91BCF869-C3DB-4D43-8226-7AFEA449CFCF}.Release|Any CPU.ActiveCfg = Release|x86
		{91BCF869-C3DB-4D43-8226-7AFEA449CFCF}.Release|Any CPU.Build.0 = Release|x86
		{91BCF869-C3DB-4D43-8226-7AFEA449CFCF}.Release|Any CPU.Deploy.0 = Release|x86
		{91BCF869-C3DB-4D43-8226-7AFEA449CFCF}.Release|ARM.ActiveCfg = Release|ARM
		{91BCF869-C3DB-4D43-8226-7AFEA449CFCF}.Release|ARM.Build.0 = Release|ARM
		{91BCF869-C3DB-4D43-8226-7AFEA449CFCF}.Release|ARM.Deploy.0 = Release|ARM
		{91BCF869-C3DB-4D43-8226-7AFEA449CFCF}.Release|iPhone.ActiveCfg = Release|x86
		{91BCF869-C3DB-4D43-8226-7AFEA449CFCF}.Release|iPhone.Build.0 = Release|x86
		{91BCF869-C3DB-4D43-8226-7AFEA449CFCF}.Release|iPhone.Deploy.0 = Release|x86
		{91BCF869-C3DB-4D43-8226-7AFEA449CFCF}.Release|iPhoneSimulator.ActiveCfg = Release|x86
		{91BCF869-C3DB-4D43-8226-7AFEA449CFCF}.Release|iPhoneSimulator.Build.0 = Release|x86
		{91BCF869-C3DB-4D43-8226-7AFEA449CFCF}.Release|iPhoneSimulator.Deploy.0 = Release|x86
		{91BCF869-C3DB-4D43-8226-7AFEA449CFCF}.Release|x64.ActiveCfg = Release|x64
		{91BCF869-C3DB-4D43-8226-7AFEA449CFCF}.Release|x64.Build.0 = Release|x64
		{91BCF869-C3DB-4D43-8226-7AFEA449CFCF}.Release|x64.Deploy.0 = Release|x64
		{91BCF869-C3DB-4D43-8226-7AFEA449CFCF}.Release|x86.ActiveCfg = Release|x86
		{91BCF869-C3DB-4D43-8226-7AFEA449CFCF}.Release|x86.Build.0 = Release|x86
		{91BCF869-C3DB-4D43-8226-7AFEA449CFCF}.Release|x86.Deploy.0 = Release|x86
		{3B666C57-081B-4B99-BFC0-7ED047ADFED9}.Debug|Any CPU.ActiveCfg = Debug|Any CPU
		{3B666C57-081B-4B99-BFC0-7ED047ADFED9}.Debug|Any CPU.Build.0 = Debug|Any CPU
		{3B666C57-081B-4B99-BFC0-7ED047ADFED9}.Debug|Any CPU.Deploy.0 = Debug|Any CPU
		{3B666C57-081B-4B99-BFC0-7ED047ADFED9}.Debug|ARM.ActiveCfg = Debug|Any CPU
		{3B666C57-081B-4B99-BFC0-7ED047ADFED9}.Debug|ARM.Build.0 = Debug|Any CPU
		{3B666C57-081B-4B99-BFC0-7ED047ADFED9}.Debug|ARM.Deploy.0 = Debug|Any CPU
		{3B666C57-081B-4B99-BFC0-7ED047ADFED9}.Debug|iPhone.ActiveCfg = Debug|Any CPU
		{3B666C57-081B-4B99-BFC0-7ED047ADFED9}.Debug|iPhone.Build.0 = Debug|Any CPU
		{3B666C57-081B-4B99-BFC0-7ED047ADFED9}.Debug|iPhone.Deploy.0 = Debug|Any CPU
		{3B666C57-081B-4B99-BFC0-7ED047ADFED9}.Debug|iPhoneSimulator.ActiveCfg = Debug|Any CPU
		{3B666C57-081B-4B99-BFC0-7ED047ADFED9}.Debug|iPhoneSimulator.Build.0 = Debug|Any CPU
		{3B666C57-081B-4B99-BFC0-7ED047ADFED9}.Debug|iPhoneSimulator.Deploy.0 = Debug|Any CPU
		{3B666C57-081B-4B99-BFC0-7ED047ADFED9}.Debug|x64.ActiveCfg = Debug|Any CPU
		{3B666C57-081B-4B99-BFC0-7ED047ADFED9}.Debug|x64.Build.0 = Debug|Any CPU
		{3B666C57-081B-4B99-BFC0-7ED047ADFED9}.Debug|x64.Deploy.0 = Debug|Any CPU
		{3B666C57-081B-4B99-BFC0-7ED047ADFED9}.Debug|x86.ActiveCfg = Debug|Any CPU
		{3B666C57-081B-4B99-BFC0-7ED047ADFED9}.Debug|x86.Build.0 = Debug|Any CPU
		{3B666C57-081B-4B99-BFC0-7ED047ADFED9}.Debug|x86.Deploy.0 = Debug|Any CPU
		{3B666C57-081B-4B99-BFC0-7ED047ADFED9}.Release|Any CPU.ActiveCfg = Release|Any CPU
		{3B666C57-081B-4B99-BFC0-7ED047ADFED9}.Release|Any CPU.Build.0 = Release|Any CPU
		{3B666C57-081B-4B99-BFC0-7ED047ADFED9}.Release|Any CPU.Deploy.0 = Release|Any CPU
		{3B666C57-081B-4B99-BFC0-7ED047ADFED9}.Release|ARM.ActiveCfg = Release|Any CPU
		{3B666C57-081B-4B99-BFC0-7ED047ADFED9}.Release|ARM.Build.0 = Release|Any CPU
		{3B666C57-081B-4B99-BFC0-7ED047ADFED9}.Release|ARM.Deploy.0 = Release|Any CPU
		{3B666C57-081B-4B99-BFC0-7ED047ADFED9}.Release|iPhone.ActiveCfg = Release|Any CPU
		{3B666C57-081B-4B99-BFC0-7ED047ADFED9}.Release|iPhone.Build.0 = Release|Any CPU
		{3B666C57-081B-4B99-BFC0-7ED047ADFED9}.Release|iPhone.Deploy.0 = Release|Any CPU
		{3B666C57-081B-4B99-BFC0-7ED047ADFED9}.Release|iPhoneSimulator.ActiveCfg = Release|Any CPU
		{3B666C57-081B-4B99-BFC0-7ED047ADFED9}.Release|iPhoneSimulator.Build.0 = Release|Any CPU
		{3B666C57-081B-4B99-BFC0-7ED047ADFED9}.Release|iPhoneSimulator.Deploy.0 = Release|Any CPU
		{3B666C57-081B-4B99-BFC0-7ED047ADFED9}.Release|x64.ActiveCfg = Release|Any CPU
		{3B666C57-081B-4B99-BFC0-7ED047ADFED9}.Release|x64.Build.0 = Release|Any CPU
		{3B666C57-081B-4B99-BFC0-7ED047ADFED9}.Release|x64.Deploy.0 = Release|Any CPU
		{3B666C57-081B-4B99-BFC0-7ED047ADFED9}.Release|x86.ActiveCfg = Release|Any CPU
		{3B666C57-081B-4B99-BFC0-7ED047ADFED9}.Release|x86.Build.0 = Release|Any CPU
		{3B666C57-081B-4B99-BFC0-7ED047ADFED9}.Release|x86.Deploy.0 = Release|Any CPU
		{FF2D01FA-7185-4E66-866C-4D4CCBB76C6D}.Debug|Any CPU.ActiveCfg = Debug|iPhoneSimulator
		{FF2D01FA-7185-4E66-866C-4D4CCBB76C6D}.Debug|Any CPU.Build.0 = Debug|iPhoneSimulator
		{FF2D01FA-7185-4E66-866C-4D4CCBB76C6D}.Debug|Any CPU.Deploy.0 = Debug|iPhoneSimulator
		{FF2D01FA-7185-4E66-866C-4D4CCBB76C6D}.Debug|ARM.ActiveCfg = Debug|iPhone
		{FF2D01FA-7185-4E66-866C-4D4CCBB76C6D}.Debug|ARM.Build.0 = Debug|iPhone
		{FF2D01FA-7185-4E66-866C-4D4CCBB76C6D}.Debug|ARM.Deploy.0 = Debug|iPhone
		{FF2D01FA-7185-4E66-866C-4D4CCBB76C6D}.Debug|iPhone.ActiveCfg = Debug|iPhone
		{FF2D01FA-7185-4E66-866C-4D4CCBB76C6D}.Debug|iPhone.Build.0 = Debug|iPhone
		{FF2D01FA-7185-4E66-866C-4D4CCBB76C6D}.Debug|iPhone.Deploy.0 = Debug|iPhone
		{FF2D01FA-7185-4E66-866C-4D4CCBB76C6D}.Debug|iPhoneSimulator.ActiveCfg = Debug|iPhoneSimulator
		{FF2D01FA-7185-4E66-866C-4D4CCBB76C6D}.Debug|iPhoneSimulator.Build.0 = Debug|iPhoneSimulator
		{FF2D01FA-7185-4E66-866C-4D4CCBB76C6D}.Debug|iPhoneSimulator.Deploy.0 = Debug|iPhoneSimulator
		{FF2D01FA-7185-4E66-866C-4D4CCBB76C6D}.Debug|x64.ActiveCfg = Debug|iPhoneSimulator
		{FF2D01FA-7185-4E66-866C-4D4CCBB76C6D}.Debug|x64.Build.0 = Debug|iPhoneSimulator
		{FF2D01FA-7185-4E66-866C-4D4CCBB76C6D}.Debug|x64.Deploy.0 = Debug|iPhoneSimulator
		{FF2D01FA-7185-4E66-866C-4D4CCBB76C6D}.Debug|x86.ActiveCfg = Debug|iPhoneSimulator
		{FF2D01FA-7185-4E66-866C-4D4CCBB76C6D}.Debug|x86.Build.0 = Debug|iPhoneSimulator
		{FF2D01FA-7185-4E66-866C-4D4CCBB76C6D}.Debug|x86.Deploy.0 = Debug|iPhoneSimulator
		{FF2D01FA-7185-4E66-866C-4D4CCBB76C6D}.Release|Any CPU.ActiveCfg = Release|iPhoneSimulator
		{FF2D01FA-7185-4E66-866C-4D4CCBB76C6D}.Release|Any CPU.Build.0 = Release|iPhoneSimulator
		{FF2D01FA-7185-4E66-866C-4D4CCBB76C6D}.Release|Any CPU.Deploy.0 = Release|iPhoneSimulator
		{FF2D01FA-7185-4E66-866C-4D4CCBB76C6D}.Release|ARM.ActiveCfg = Release|iPhoneSimulator
		{FF2D01FA-7185-4E66-866C-4D4CCBB76C6D}.Release|ARM.Build.0 = Release|iPhoneSimulator
		{FF2D01FA-7185-4E66-866C-4D4CCBB76C6D}.Release|ARM.Deploy.0 = Release|iPhoneSimulator
		{FF2D01FA-7185-4E66-866C-4D4CCBB76C6D}.Release|iPhone.ActiveCfg = Release|iPhone
		{FF2D01FA-7185-4E66-866C-4D4CCBB76C6D}.Release|iPhone.Build.0 = Release|iPhone
		{FF2D01FA-7185-4E66-866C-4D4CCBB76C6D}.Release|iPhone.Deploy.0 = Release|iPhone
		{FF2D01FA-7185-4E66-866C-4D4CCBB76C6D}.Release|iPhoneSimulator.ActiveCfg = Release|iPhoneSimulator
		{FF2D01FA-7185-4E66-866C-4D4CCBB76C6D}.Release|iPhoneSimulator.Build.0 = Release|iPhoneSimulator
		{FF2D01FA-7185-4E66-866C-4D4CCBB76C6D}.Release|iPhoneSimulator.Deploy.0 = Release|iPhoneSimulator
		{FF2D01FA-7185-4E66-866C-4D4CCBB76C6D}.Release|x64.ActiveCfg = Release|iPhoneSimulator
		{FF2D01FA-7185-4E66-866C-4D4CCBB76C6D}.Release|x64.Build.0 = Release|iPhoneSimulator
		{FF2D01FA-7185-4E66-866C-4D4CCBB76C6D}.Release|x64.Deploy.0 = Release|iPhoneSimulator
		{FF2D01FA-7185-4E66-866C-4D4CCBB76C6D}.Release|x86.ActiveCfg = Release|iPhoneSimulator
		{FF2D01FA-7185-4E66-866C-4D4CCBB76C6D}.Release|x86.Build.0 = Release|iPhoneSimulator
		{FF2D01FA-7185-4E66-866C-4D4CCBB76C6D}.Release|x86.Deploy.0 = Release|iPhoneSimulator
		{E3AD81F5-27BF-4264-920A-F34E4C973BB4}.Debug|Any CPU.ActiveCfg = Debug|Any CPU
		{E3AD81F5-27BF-4264-920A-F34E4C973BB4}.Debug|Any CPU.Build.0 = Debug|Any CPU
		{E3AD81F5-27BF-4264-920A-F34E4C973BB4}.Debug|Any CPU.Deploy.0 = Debug|Any CPU
		{E3AD81F5-27BF-4264-920A-F34E4C973BB4}.Debug|ARM.ActiveCfg = Debug|Any CPU
		{E3AD81F5-27BF-4264-920A-F34E4C973BB4}.Debug|ARM.Build.0 = Debug|Any CPU
		{E3AD81F5-27BF-4264-920A-F34E4C973BB4}.Debug|ARM.Deploy.0 = Debug|Any CPU
		{E3AD81F5-27BF-4264-920A-F34E4C973BB4}.Debug|iPhone.ActiveCfg = Debug|Any CPU
		{E3AD81F5-27BF-4264-920A-F34E4C973BB4}.Debug|iPhone.Build.0 = Debug|Any CPU
		{E3AD81F5-27BF-4264-920A-F34E4C973BB4}.Debug|iPhone.Deploy.0 = Debug|Any CPU
		{E3AD81F5-27BF-4264-920A-F34E4C973BB4}.Debug|iPhoneSimulator.ActiveCfg = Debug|Any CPU
		{E3AD81F5-27BF-4264-920A-F34E4C973BB4}.Debug|iPhoneSimulator.Build.0 = Debug|Any CPU
		{E3AD81F5-27BF-4264-920A-F34E4C973BB4}.Debug|iPhoneSimulator.Deploy.0 = Debug|Any CPU
		{E3AD81F5-27BF-4264-920A-F34E4C973BB4}.Debug|x64.ActiveCfg = Debug|Any CPU
		{E3AD81F5-27BF-4264-920A-F34E4C973BB4}.Debug|x64.Build.0 = Debug|Any CPU
		{E3AD81F5-27BF-4264-920A-F34E4C973BB4}.Debug|x64.Deploy.0 = Debug|Any CPU
		{E3AD81F5-27BF-4264-920A-F34E4C973BB4}.Debug|x86.ActiveCfg = Debug|Any CPU
		{E3AD81F5-27BF-4264-920A-F34E4C973BB4}.Debug|x86.Build.0 = Debug|Any CPU
		{E3AD81F5-27BF-4264-920A-F34E4C973BB4}.Debug|x86.Deploy.0 = Debug|Any CPU
		{E3AD81F5-27BF-4264-920A-F34E4C973BB4}.Release|Any CPU.ActiveCfg = Release|Any CPU
		{E3AD81F5-27BF-4264-920A-F34E4C973BB4}.Release|Any CPU.Build.0 = Release|Any CPU
		{E3AD81F5-27BF-4264-920A-F34E4C973BB4}.Release|Any CPU.Deploy.0 = Release|Any CPU
		{E3AD81F5-27BF-4264-920A-F34E4C973BB4}.Release|ARM.ActiveCfg = Release|Any CPU
		{E3AD81F5-27BF-4264-920A-F34E4C973BB4}.Release|ARM.Build.0 = Release|Any CPU
		{E3AD81F5-27BF-4264-920A-F34E4C973BB4}.Release|ARM.Deploy.0 = Release|Any CPU
		{E3AD81F5-27BF-4264-920A-F34E4C973BB4}.Release|iPhone.ActiveCfg = Release|Any CPU
		{E3AD81F5-27BF-4264-920A-F34E4C973BB4}.Release|iPhone.Build.0 = Release|Any CPU
		{E3AD81F5-27BF-4264-920A-F34E4C973BB4}.Release|iPhone.Deploy.0 = Release|Any CPU
		{E3AD81F5-27BF-4264-920A-F34E4C973BB4}.Release|iPhoneSimulator.ActiveCfg = Release|Any CPU
		{E3AD81F5-27BF-4264-920A-F34E4C973BB4}.Release|iPhoneSimulator.Build.0 = Release|Any CPU
		{E3AD81F5-27BF-4264-920A-F34E4C973BB4}.Release|iPhoneSimulator.Deploy.0 = Release|Any CPU
		{E3AD81F5-27BF-4264-920A-F34E4C973BB4}.Release|x64.ActiveCfg = Release|Any CPU
		{E3AD81F5-27BF-4264-920A-F34E4C973BB4}.Release|x64.Build.0 = Release|Any CPU
		{E3AD81F5-27BF-4264-920A-F34E4C973BB4}.Release|x64.Deploy.0 = Release|Any CPU
		{E3AD81F5-27BF-4264-920A-F34E4C973BB4}.Release|x86.ActiveCfg = Release|Any CPU
		{E3AD81F5-27BF-4264-920A-F34E4C973BB4}.Release|x86.Build.0 = Release|Any CPU
		{E3AD81F5-27BF-4264-920A-F34E4C973BB4}.Release|x86.Deploy.0 = Release|Any CPU
	EndGlobalSection
	GlobalSection(SolutionProperties) = preSolution
		HideSolutionNode = FALSE
	EndGlobalSection
	GlobalSection(ExtensibilityGlobals) = postSolution
		SolutionGuid = {24604334-3CEB-44C6-A59C-70C945C2E1EA}
	EndGlobalSection
EndGlobal
